
Microsoft Visual Studio Solution File, Format Version 12.00
# Visual Studio 14
VisualStudioVersion = 14.0.25420.1
MinimumVisualStudioVersion = 10.0.40219.1
Project("{D954291E-2A0B-460D-934E-DC6B0785DB48}") = "RoomTemperatureTracker", "RoomTemperatureTracker\RoomTemperatureTracker\RoomTemperatureTracker.shproj", "{6343C1EB-0427-4B2E-93FD-8FF973050E90}"
EndProject
Project("{FAE04EC0-301F-11D3-BF4B-00C04F79EFBC}") = "RoomTemperatureTracker.Droid", "RoomTemperatureTracker\RoomTemperatureTracker.Droid\RoomTemperatureTracker.Droid.csproj", "{D6D84884-C93A-4A73-8663-4C376A8FD606}"
EndProject
Project("{FAE04EC0-301F-11D3-BF4B-00C04F79EFBC}") = "RoomTemperatureTracker.iOS", "RoomTemperatureTracker\RoomTemperatureTracker.iOS\RoomTemperatureTracker.iOS.csproj", "{38984FF1-DB9D-485C-9D1C-2B8C85EF7325}"
EndProject
Project("{FAE04EC0-301F-11D3-BF4B-00C04F79EFBC}") = "RoomTemperatureTracker.WinPhone", "RoomTemperatureTracker\RoomTemperatureTracker.WinPhone\RoomTemperatureTracker.WinPhone.csproj", "{CCFDBC6C-E3D4-4C37-A498-B0EEC3A7F1DB}"
EndProject
Project("{FAE04EC0-301F-11D3-BF4B-00C04F79EFBC}") = "RoomTemperatureTracker.Windows", "RoomTemperatureTracker\RoomTemperatureTracker.Windows\RoomTemperatureTracker.Windows.csproj", "{2D084552-8F7F-4BEA-B0FB-1EBEF51DAA96}"
EndProject
Global
	GlobalSection(SharedMSBuildProjectFiles) = preSolution
		RoomTemperatureTracker\RoomTemperatureTracker\RoomTemperatureTracker.projitems*{2d084552-8f7f-4bea-b0fb-1ebef51daa96}*SharedItemsImports = 4
		RoomTemperatureTracker\RoomTemperatureTracker\RoomTemperatureTracker.projitems*{38984ff1-db9d-485c-9d1c-2b8c85ef7325}*SharedItemsImports = 4
		RoomTemperatureTracker\RoomTemperatureTracker\RoomTemperatureTracker.projitems*{6343c1eb-0427-4b2e-93fd-8ff973050e90}*SharedItemsImports = 13
		RoomTemperatureTracker\RoomTemperatureTracker\RoomTemperatureTracker.projitems*{ccfdbc6c-e3d4-4c37-a498-b0eec3a7f1db}*SharedItemsImports = 4
		RoomTemperatureTracker\RoomTemperatureTracker\RoomTemperatureTracker.projitems*{d6d84884-c93a-4a73-8663-4c376a8fd606}*SharedItemsImports = 4
	EndGlobalSection
	GlobalSection(SolutionConfigurationPlatforms) = preSolution
		Ad-Hoc|Any CPU = Ad-Hoc|Any CPU
		Ad-Hoc|ARM = Ad-Hoc|ARM
		Ad-Hoc|iPhone = Ad-Hoc|iPhone
		Ad-Hoc|iPhoneSimulator = Ad-Hoc|iPhoneSimulator
		Ad-Hoc|x64 = Ad-Hoc|x64
		Ad-Hoc|x86 = Ad-Hoc|x86
		AppStore|Any CPU = AppStore|Any CPU
		AppStore|ARM = AppStore|ARM
		AppStore|iPhone = AppStore|iPhone
		AppStore|iPhoneSimulator = AppStore|iPhoneSimulator
		AppStore|x64 = AppStore|x64
		AppStore|x86 = AppStore|x86
		Debug|Any CPU = Debug|Any CPU
		Debug|ARM = Debug|ARM
		Debug|iPhone = Debug|iPhone
		Debug|iPhoneSimulator = Debug|iPhoneSimulator
		Debug|x64 = Debug|x64
		Debug|x86 = Debug|x86
		Release|Any CPU = Release|Any CPU
		Release|ARM = Release|ARM
		Release|iPhone = Release|iPhone
		Release|iPhoneSimulator = Release|iPhoneSimulator
		Release|x64 = Release|x64
		Release|x86 = Release|x86
	EndGlobalSection
	GlobalSection(ProjectConfigurationPlatforms) = postSolution
		{D6D84884-C93A-4A73-8663-4C376A8FD606}.Ad-Hoc|Any CPU.ActiveCfg = Release|Any CPU
		{D6D84884-C93A-4A73-8663-4C376A8FD606}.Ad-Hoc|Any CPU.Build.0 = Release|Any CPU
		{D6D84884-C93A-4A73-8663-4C376A8FD606}.Ad-Hoc|Any CPU.Deploy.0 = Release|Any CPU
		{D6D84884-C93A-4A73-8663-4C376A8FD606}.Ad-Hoc|ARM.ActiveCfg = Release|Any CPU
		{D6D84884-C93A-4A73-8663-4C376A8FD606}.Ad-Hoc|ARM.Build.0 = Release|Any CPU
		{D6D84884-C93A-4A73-8663-4C376A8FD606}.Ad-Hoc|ARM.Deploy.0 = Release|Any CPU
		{D6D84884-C93A-4A73-8663-4C376A8FD606}.Ad-Hoc|iPhone.ActiveCfg = Release|Any CPU
		{D6D84884-C93A-4A73-8663-4C376A8FD606}.Ad-Hoc|iPhone.Build.0 = Release|Any CPU
		{D6D84884-C93A-4A73-8663-4C376A8FD606}.Ad-Hoc|iPhone.Deploy.0 = Release|Any CPU
		{D6D84884-C93A-4A73-8663-4C376A8FD606}.Ad-Hoc|iPhoneSimulator.ActiveCfg = Release|Any CPU
		{D6D84884-C93A-4A73-8663-4C376A8FD606}.Ad-Hoc|iPhoneSimulator.Build.0 = Release|Any CPU
		{D6D84884-C93A-4A73-8663-4C376A8FD606}.Ad-Hoc|iPhoneSimulator.Deploy.0 = Release|Any CPU
		{D6D84884-C93A-4A73-8663-4C376A8FD606}.Ad-Hoc|x64.ActiveCfg = Release|Any CPU
		{D6D84884-C93A-4A73-8663-4C376A8FD606}.Ad-Hoc|x64.Build.0 = Release|Any CPU
		{D6D84884-C93A-4A73-8663-4C376A8FD606}.Ad-Hoc|x64.Deploy.0 = Release|Any CPU
		{D6D84884-C93A-4A73-8663-4C376A8FD606}.Ad-Hoc|x86.ActiveCfg = Release|Any CPU
		{D6D84884-C93A-4A73-8663-4C376A8FD606}.Ad-Hoc|x86.Build.0 = Release|Any CPU
		{D6D84884-C93A-4A73-8663-4C376A8FD606}.Ad-Hoc|x86.Deploy.0 = Release|Any CPU
		{D6D84884-C93A-4A73-8663-4C376A8FD606}.AppStore|Any CPU.ActiveCfg = Release|Any CPU
		{D6D84884-C93A-4A73-8663-4C376A8FD606}.AppStore|Any CPU.Build.0 = Release|Any CPU
		{D6D84884-C93A-4A73-8663-4C376A8FD606}.AppStore|Any CPU.Deploy.0 = Release|Any CPU
		{D6D84884-C93A-4A73-8663-4C376A8FD606}.AppStore|ARM.ActiveCfg = Release|Any CPU
		{D6D84884-C93A-4A73-8663-4C376A8FD606}.AppStore|ARM.Build.0 = Release|Any CPU
		{D6D84884-C93A-4A73-8663-4C376A8FD606}.AppStore|ARM.Deploy.0 = Release|Any CPU
		{D6D84884-C93A-4A73-8663-4C376A8FD606}.AppStore|iPhone.ActiveCfg = Release|Any CPU
		{D6D84884-C93A-4A73-8663-4C376A8FD606}.AppStore|iPhone.Build.0 = Release|Any CPU
		{D6D84884-C93A-4A73-8663-4C376A8FD606}.AppStore|iPhone.Deploy.0 = Release|Any CPU
		{D6D84884-C93A-4A73-8663-4C376A8FD606}.AppStore|iPhoneSimulator.ActiveCfg = Release|Any CPU
		{D6D84884-C93A-4A73-8663-4C376A8FD606}.AppStore|iPhoneSimulator.Build.0 = Release|Any CPU
		{D6D84884-C93A-4A73-8663-4C376A8FD606}.AppStore|iPhoneSimulator.Deploy.0 = Release|Any CPU
		{D6D84884-C93A-4A73-8663-4C376A8FD606}.AppStore|x64.ActiveCfg = Release|Any CPU
		{D6D84884-C93A-4A73-8663-4C376A8FD606}.AppStore|x64.Build.0 = Release|Any CPU
		{D6D84884-C93A-4A73-8663-4C376A8FD606}.AppStore|x64.Deploy.0 = Release|Any CPU
		{D6D84884-C93A-4A73-8663-4C376A8FD606}.AppStore|x86.ActiveCfg = Release|Any CPU
		{D6D84884-C93A-4A73-8663-4C376A8FD606}.AppStore|x86.Build.0 = Release|Any CPU
		{D6D84884-C93A-4A73-8663-4C376A8FD606}.AppStore|x86.Deploy.0 = Release|Any CPU
		{D6D84884-C93A-4A73-8663-4C376A8FD606}.Debug|Any CPU.ActiveCfg = Debug|Any CPU
		{D6D84884-C93A-4A73-8663-4C376A8FD606}.Debug|Any CPU.Build.0 = Debug|Any CPU
		{D6D84884-C93A-4A73-8663-4C376A8FD606}.Debug|Any CPU.Deploy.0 = Debug|Any CPU
		{D6D84884-C93A-4A73-8663-4C376A8FD606}.Debug|ARM.ActiveCfg = Debug|Any CPU
		{D6D84884-C93A-4A73-8663-4C376A8FD606}.Debug|ARM.Build.0 = Debug|Any CPU
		{D6D84884-C93A-4A73-8663-4C376A8FD606}.Debug|ARM.Deploy.0 = Debug|Any CPU
		{D6D84884-C93A-4A73-8663-4C376A8FD606}.Debug|iPhone.ActiveCfg = Debug|Any CPU
		{D6D84884-C93A-4A73-8663-4C376A8FD606}.Debug|iPhone.Build.0 = Debug|Any CPU
		{D6D84884-C93A-4A73-8663-4C376A8FD606}.Debug|iPhone.Deploy.0 = Debug|Any CPU
		{D6D84884-C93A-4A73-8663-4C376A8FD606}.Debug|iPhoneSimulator.ActiveCfg = Debug|Any CPU
		{D6D84884-C93A-4A73-8663-4C376A8FD606}.Debug|iPhoneSimulator.Build.0 = Debug|Any CPU
		{D6D84884-C93A-4A73-8663-4C376A8FD606}.Debug|iPhoneSimulator.Deploy.0 = Debug|Any CPU
		{D6D84884-C93A-4A73-8663-4C376A8FD606}.Debug|x64.ActiveCfg = Debug|Any CPU
		{D6D84884-C93A-4A73-8663-4C376A8FD606}.Debug|x64.Build.0 = Debug|Any CPU
		{D6D84884-C93A-4A73-8663-4C376A8FD606}.Debug|x64.Deploy.0 = Debug|Any CPU
		{D6D84884-C93A-4A73-8663-4C376A8FD606}.Debug|x86.ActiveCfg = Debug|Any CPU
		{D6D84884-C93A-4A73-8663-4C376A8FD606}.Debug|x86.Build.0 = Debug|Any CPU
		{D6D84884-C93A-4A73-8663-4C376A8FD606}.Debug|x86.Deploy.0 = Debug|Any CPU
		{D6D84884-C93A-4A73-8663-4C376A8FD606}.Release|Any CPU.ActiveCfg = Release|Any CPU
		{D6D84884-C93A-4A73-8663-4C376A8FD606}.Release|Any CPU.Build.0 = Release|Any CPU
		{D6D84884-C93A-4A73-8663-4C376A8FD606}.Release|Any CPU.Deploy.0 = Release|Any CPU
		{D6D84884-C93A-4A73-8663-4C376A8FD606}.Release|ARM.ActiveCfg = Release|Any CPU
		{D6D84884-C93A-4A73-8663-4C376A8FD606}.Release|ARM.Build.0 = Release|Any CPU
		{D6D84884-C93A-4A73-8663-4C376A8FD606}.Release|ARM.Deploy.0 = Release|Any CPU
		{D6D84884-C93A-4A73-8663-4C376A8FD606}.Release|iPhone.ActiveCfg = Release|Any CPU
		{D6D84884-C93A-4A73-8663-4C376A8FD606}.Release|iPhone.Build.0 = Release|Any CPU
		{D6D84884-C93A-4A73-8663-4C376A8FD606}.Release|iPhone.Deploy.0 = Release|Any CPU
		{D6D84884-C93A-4A73-8663-4C376A8FD606}.Release|iPhoneSimulator.ActiveCfg = Release|Any CPU
		{D6D84884-C93A-4A73-8663-4C376A8FD606}.Release|iPhoneSimulator.Build.0 = Release|Any CPU
		{D6D84884-C93A-4A73-8663-4C376A8FD606}.Release|iPhoneSimulator.Deploy.0 = Release|Any CPU
		{D6D84884-C93A-4A73-8663-4C376A8FD606}.Release|x64.ActiveCfg = Release|Any CPU
		{D6D84884-C93A-4A73-8663-4C376A8FD606}.Release|x64.Build.0 = Release|Any CPU
		{D6D84884-C93A-4A73-8663-4C376A8FD606}.Release|x64.Deploy.0 = Release|Any CPU
		{D6D84884-C93A-4A73-8663-4C376A8FD606}.Release|x86.ActiveCfg = Release|Any CPU
		{D6D84884-C93A-4A73-8663-4C376A8FD606}.Release|x86.Build.0 = Release|Any CPU
		{D6D84884-C93A-4A73-8663-4C376A8FD606}.Release|x86.Deploy.0 = Release|Any CPU
		{38984FF1-DB9D-485C-9D1C-2B8C85EF7325}.Ad-Hoc|Any CPU.ActiveCfg = Ad-Hoc|iPhone
		{38984FF1-DB9D-485C-9D1C-2B8C85EF7325}.Ad-Hoc|ARM.ActiveCfg = Ad-Hoc|iPhone
		{38984FF1-DB9D-485C-9D1C-2B8C85EF7325}.Ad-Hoc|iPhone.ActiveCfg = Ad-Hoc|iPhone
		{38984FF1-DB9D-485C-9D1C-2B8C85EF7325}.Ad-Hoc|iPhone.Build.0 = Ad-Hoc|iPhone
		{38984FF1-DB9D-485C-9D1C-2B8C85EF7325}.Ad-Hoc|iPhoneSimulator.ActiveCfg = Ad-Hoc|iPhoneSimulator
		{38984FF1-DB9D-485C-9D1C-2B8C85EF7325}.Ad-Hoc|iPhoneSimulator.Build.0 = Ad-Hoc|iPhoneSimulator
		{38984FF1-DB9D-485C-9D1C-2B8C85EF7325}.Ad-Hoc|x64.ActiveCfg = Ad-Hoc|iPhone
		{38984FF1-DB9D-485C-9D1C-2B8C85EF7325}.Ad-Hoc|x86.ActiveCfg = Ad-Hoc|iPhone
		{38984FF1-DB9D-485C-9D1C-2B8C85EF7325}.AppStore|Any CPU.ActiveCfg = AppStore|iPhone
		{38984FF1-DB9D-485C-9D1C-2B8C85EF7325}.AppStore|ARM.ActiveCfg = AppStore|iPhone
		{38984FF1-DB9D-485C-9D1C-2B8C85EF7325}.AppStore|iPhone.ActiveCfg = AppStore|iPhone
		{38984FF1-DB9D-485C-9D1C-2B8C85EF7325}.AppStore|iPhone.Build.0 = AppStore|iPhone
		{38984FF1-DB9D-485C-9D1C-2B8C85EF7325}.AppStore|iPhoneSimulator.ActiveCfg = AppStore|iPhoneSimulator
		{38984FF1-DB9D-485C-9D1C-2B8C85EF7325}.AppStore|iPhoneSimulator.Build.0 = AppStore|iPhoneSimulator
		{38984FF1-DB9D-485C-9D1C-2B8C85EF7325}.AppStore|x64.ActiveCfg = AppStore|iPhone
		{38984FF1-DB9D-485C-9D1C-2B8C85EF7325}.AppStore|x86.ActiveCfg = AppStore|iPhone
		{38984FF1-DB9D-485C-9D1C-2B8C85EF7325}.Debug|Any CPU.ActiveCfg = Debug|iPhone
		{38984FF1-DB9D-485C-9D1C-2B8C85EF7325}.Debug|ARM.ActiveCfg = Debug|iPhone
		{38984FF1-DB9D-485C-9D1C-2B8C85EF7325}.Debug|iPhone.ActiveCfg = Debug|iPhone
		{38984FF1-DB9D-485C-9D1C-2B8C85EF7325}.Debug|iPhoneSimulator.ActiveCfg = Debug|iPhoneSimulator
		{38984FF1-DB9D-485C-9D1C-2B8C85EF7325}.Debug|iPhoneSimulator.Build.0 = Debug|iPhoneSimulator
		{38984FF1-DB9D-485C-9D1C-2B8C85EF7325}.Debug|x64.ActiveCfg = Debug|iPhone
		{38984FF1-DB9D-485C-9D1C-2B8C85EF7325}.Debug|x86.ActiveCfg = Debug|iPhone
		{38984FF1-DB9D-485C-9D1C-2B8C85EF7325}.Release|Any CPU.ActiveCfg = Release|iPhone
		{38984FF1-DB9D-485C-9D1C-2B8C85EF7325}.Release|ARM.ActiveCfg = Release|iPhone
		{38984FF1-DB9D-485C-9D1C-2B8C85EF7325}.Release|iPhone.ActiveCfg = Release|iPhone
		{38984FF1-DB9D-485C-9D1C-2B8C85EF7325}.Release|iPhone.Build.0 = Release|iPhone
		{38984FF1-DB9D-485C-9D1C-2B8C85EF7325}.Release|iPhoneSimulator.ActiveCfg = Release|iPhoneSimulator
		{38984FF1-DB9D-485C-9D1C-2B8C85EF7325}.Release|iPhoneSimulator.Build.0 = Release|iPhoneSimulator
		{38984FF1-DB9D-485C-9D1C-2B8C85EF7325}.Release|x64.ActiveCfg = Release|iPhone
		{38984FF1-DB9D-485C-9D1C-2B8C85EF7325}.Release|x86.ActiveCfg = Release|iPhone
		{CCFDBC6C-E3D4-4C37-A498-B0EEC3A7F1DB}.Ad-Hoc|Any CPU.ActiveCfg = Release|Any CPU
		{CCFDBC6C-E3D4-4C37-A498-B0EEC3A7F1DB}.Ad-Hoc|Any CPU.Build.0 = Release|Any CPU
		{CCFDBC6C-E3D4-4C37-A498-B0EEC3A7F1DB}.Ad-Hoc|Any CPU.Deploy.0 = Release|Any CPU
		{CCFDBC6C-E3D4-4C37-A498-B0EEC3A7F1DB}.Ad-Hoc|ARM.ActiveCfg = Release|ARM
		{CCFDBC6C-E3D4-4C37-A498-B0EEC3A7F1DB}.Ad-Hoc|ARM.Build.0 = Release|ARM
		{CCFDBC6C-E3D4-4C37-A498-B0EEC3A7F1DB}.Ad-Hoc|ARM.Deploy.0 = Release|ARM
		{CCFDBC6C-E3D4-4C37-A498-B0EEC3A7F1DB}.Ad-Hoc|iPhone.ActiveCfg = Release|Any CPU
		{CCFDBC6C-E3D4-4C37-A498-B0EEC3A7F1DB}.Ad-Hoc|iPhone.Build.0 = Release|Any CPU
		{CCFDBC6C-E3D4-4C37-A498-B0EEC3A7F1DB}.Ad-Hoc|iPhone.Deploy.0 = Release|Any CPU
		{CCFDBC6C-E3D4-4C37-A498-B0EEC3A7F1DB}.Ad-Hoc|iPhoneSimulator.ActiveCfg = Release|Any CPU
		{CCFDBC6C-E3D4-4C37-A498-B0EEC3A7F1DB}.Ad-Hoc|iPhoneSimulator.Build.0 = Release|Any CPU
		{CCFDBC6C-E3D4-4C37-A498-B0EEC3A7F1DB}.Ad-Hoc|iPhoneSimulator.Deploy.0 = Release|Any CPU
		{CCFDBC6C-E3D4-4C37-A498-B0EEC3A7F1DB}.Ad-Hoc|x64.ActiveCfg = Release|Any CPU
		{CCFDBC6C-E3D4-4C37-A498-B0EEC3A7F1DB}.Ad-Hoc|x64.Build.0 = Release|Any CPU
		{CCFDBC6C-E3D4-4C37-A498-B0EEC3A7F1DB}.Ad-Hoc|x64.Deploy.0 = Release|Any CPU
		{CCFDBC6C-E3D4-4C37-A498-B0EEC3A7F1DB}.Ad-Hoc|x86.ActiveCfg = Release|x86
		{CCFDBC6C-E3D4-4C37-A498-B0EEC3A7F1DB}.Ad-Hoc|x86.Build.0 = Release|x86
		{CCFDBC6C-E3D4-4C37-A498-B0EEC3A7F1DB}.Ad-Hoc|x86.Deploy.0 = Release|x86
		{CCFDBC6C-E3D4-4C37-A498-B0EEC3A7F1DB}.AppStore|Any CPU.ActiveCfg = Release|Any CPU
		{CCFDBC6C-E3D4-4C37-A498-B0EEC3A7F1DB}.AppStore|Any CPU.Build.0 = Release|Any CPU
		{CCFDBC6C-E3D4-4C37-A498-B0EEC3A7F1DB}.AppStore|Any CPU.Deploy.0 = Release|Any CPU
		{CCFDBC6C-E3D4-4C37-A498-B0EEC3A7F1DB}.AppStore|ARM.ActiveCfg = Release|ARM
		{CCFDBC6C-E3D4-4C37-A498-B0EEC3A7F1DB}.AppStore|ARM.Build.0 = Release|ARM
		{CCFDBC6C-E3D4-4C37-A498-B0EEC3A7F1DB}.AppStore|ARM.Deploy.0 = Release|ARM
		{CCFDBC6C-E3D4-4C37-A498-B0EEC3A7F1DB}.AppStore|iPhone.ActiveCfg = Release|Any CPU
		{CCFDBC6C-E3D4-4C37-A498-B0EEC3A7F1DB}.AppStore|iPhone.Build.0 = Release|Any CPU
		{CCFDBC6C-E3D4-4C37-A498-B0EEC3A7F1DB}.AppStore|iPhone.Deploy.0 = Release|Any CPU
		{CCFDBC6C-E3D4-4C37-A498-B0EEC3A7F1DB}.AppStore|iPhoneSimulator.ActiveCfg = Release|Any CPU
		{CCFDBC6C-E3D4-4C37-A498-B0EEC3A7F1DB}.AppStore|iPhoneSimulator.Build.0 = Release|Any CPU
		{CCFDBC6C-E3D4-4C37-A498-B0EEC3A7F1DB}.AppStore|iPhoneSimulator.Deploy.0 = Release|Any CPU
		{CCFDBC6C-E3D4-4C37-A498-B0EEC3A7F1DB}.AppStore|x64.ActiveCfg = Release|Any CPU
		{CCFDBC6C-E3D4-4C37-A498-B0EEC3A7F1DB}.AppStore|x64.Build.0 = Release|Any CPU
		{CCFDBC6C-E3D4-4C37-A498-B0EEC3A7F1DB}.AppStore|x64.Deploy.0 = Release|Any CPU
		{CCFDBC6C-E3D4-4C37-A498-B0EEC3A7F1DB}.AppStore|x86.ActiveCfg = Release|x86
		{CCFDBC6C-E3D4-4C37-A498-B0EEC3A7F1DB}.AppStore|x86.Build.0 = Release|x86
		{CCFDBC6C-E3D4-4C37-A498-B0EEC3A7F1DB}.AppStore|x86.Deploy.0 = Release|x86
		{CCFDBC6C-E3D4-4C37-A498-B0EEC3A7F1DB}.Debug|Any CPU.ActiveCfg = Debug|Any CPU
		{CCFDBC6C-E3D4-4C37-A498-B0EEC3A7F1DB}.Debug|ARM.ActiveCfg = Debug|ARM
		{CCFDBC6C-E3D4-4C37-A498-B0EEC3A7F1DB}.Debug|ARM.Build.0 = Debug|ARM
		{CCFDBC6C-E3D4-4C37-A498-B0EEC3A7F1DB}.Debug|ARM.Deploy.0 = Debug|ARM
		{CCFDBC6C-E3D4-4C37-A498-B0EEC3A7F1DB}.Debug|iPhone.ActiveCfg = Debug|Any CPU
		{CCFDBC6C-E3D4-4C37-A498-B0EEC3A7F1DB}.Debug|iPhoneSimulator.ActiveCfg = Debug|Any CPU
		{CCFDBC6C-E3D4-4C37-A498-B0EEC3A7F1DB}.Debug|iPhoneSimulator.Build.0 = Debug|Any CPU
		{CCFDBC6C-E3D4-4C37-A498-B0EEC3A7F1DB}.Debug|iPhoneSimulator.Deploy.0 = Debug|Any CPU
		{CCFDBC6C-E3D4-4C37-A498-B0EEC3A7F1DB}.Debug|x64.ActiveCfg = Debug|Any CPU
		{CCFDBC6C-E3D4-4C37-A498-B0EEC3A7F1DB}.Debug|x64.Build.0 = Debug|Any CPU
		{CCFDBC6C-E3D4-4C37-A498-B0EEC3A7F1DB}.Debug|x64.Deploy.0 = Debug|Any CPU
		{CCFDBC6C-E3D4-4C37-A498-B0EEC3A7F1DB}.Debug|x86.ActiveCfg = Debug|x86
		{CCFDBC6C-E3D4-4C37-A498-B0EEC3A7F1DB}.Debug|x86.Build.0 = Debug|x86
		{CCFDBC6C-E3D4-4C37-A498-B0EEC3A7F1DB}.Debug|x86.Deploy.0 = Debug|x86
		{CCFDBC6C-E3D4-4C37-A498-B0EEC3A7F1DB}.Release|Any CPU.ActiveCfg = Release|Any CPU
		{CCFDBC6C-E3D4-4C37-A498-B0EEC3A7F1DB}.Release|ARM.ActiveCfg = Release|ARM
		{CCFDBC6C-E3D4-4C37-A498-B0EEC3A7F1DB}.Release|ARM.Build.0 = Release|ARM
		{CCFDBC6C-E3D4-4C37-A498-B0EEC3A7F1DB}.Release|ARM.Deploy.0 = Release|ARM
		{CCFDBC6C-E3D4-4C37-A498-B0EEC3A7F1DB}.Release|iPhone.ActiveCfg = Release|Any CPU
		{CCFDBC6C-E3D4-4C37-A498-B0EEC3A7F1DB}.Release|iPhone.Build.0 = Release|Any CPU
		{CCFDBC6C-E3D4-4C37-A498-B0EEC3A7F1DB}.Release|iPhone.Deploy.0 = Release|Any CPU
		{CCFDBC6C-E3D4-4C37-A498-B0EEC3A7F1DB}.Release|iPhoneSimulator.ActiveCfg = Release|Any CPU
		{CCFDBC6C-E3D4-4C37-A498-B0EEC3A7F1DB}.Release|iPhoneSimulator.Build.0 = Release|Any CPU
		{CCFDBC6C-E3D4-4C37-A498-B0EEC3A7F1DB}.Release|iPhoneSimulator.Deploy.0 = Release|Any CPU
		{CCFDBC6C-E3D4-4C37-A498-B0EEC3A7F1DB}.Release|x64.ActiveCfg = Release|Any CPU
		{CCFDBC6C-E3D4-4C37-A498-B0EEC3A7F1DB}.Release|x64.Build.0 = Release|Any CPU
		{CCFDBC6C-E3D4-4C37-A498-B0EEC3A7F1DB}.Release|x64.Deploy.0 = Release|Any CPU
		{CCFDBC6C-E3D4-4C37-A498-B0EEC3A7F1DB}.Release|x86.ActiveCfg = Release|x86
		{CCFDBC6C-E3D4-4C37-A498-B0EEC3A7F1DB}.Release|x86.Build.0 = Release|x86
		{CCFDBC6C-E3D4-4C37-A498-B0EEC3A7F1DB}.Release|x86.Deploy.0 = Release|x86
		{2D084552-8F7F-4BEA-B0FB-1EBEF51DAA96}.Ad-Hoc|Any CPU.ActiveCfg = Release|Any CPU
		{2D084552-8F7F-4BEA-B0FB-1EBEF51DAA96}.Ad-Hoc|Any CPU.Build.0 = Release|Any CPU
		{2D084552-8F7F-4BEA-B0FB-1EBEF51DAA96}.Ad-Hoc|Any CPU.Deploy.0 = Release|Any CPU
		{2D084552-8F7F-4BEA-B0FB-1EBEF51DAA96}.Ad-Hoc|ARM.ActiveCfg = Release|ARM
		{2D084552-8F7F-4BEA-B0FB-1EBEF51DAA96}.Ad-Hoc|ARM.Build.0 = Release|ARM
		{2D084552-8F7F-4BEA-B0FB-1EBEF51DAA96}.Ad-Hoc|ARM.Deploy.0 = Release|ARM
		{2D084552-8F7F-4BEA-B0FB-1EBEF51DAA96}.Ad-Hoc|iPhone.ActiveCfg = Release|Any CPU
		{2D084552-8F7F-4BEA-B0FB-1EBEF51DAA96}.Ad-Hoc|iPhone.Build.0 = Release|Any CPU
		{2D084552-8F7F-4BEA-B0FB-1EBEF51DAA96}.Ad-Hoc|iPhone.Deploy.0 = Release|Any CPU
		{2D084552-8F7F-4BEA-B0FB-1EBEF51DAA96}.Ad-Hoc|iPhoneSimulator.ActiveCfg = Release|Any CPU
		{2D084552-8F7F-4BEA-B0FB-1EBEF51DAA96}.Ad-Hoc|iPhoneSimulator.Build.0 = Release|Any CPU
		{2D084552-8F7F-4BEA-B0FB-1EBEF51DAA96}.Ad-Hoc|iPhoneSimulator.Deploy.0 = Release|Any CPU
		{2D084552-8F7F-4BEA-B0FB-1EBEF51DAA96}.Ad-Hoc|x64.ActiveCfg = Release|x64
		{2D084552-8F7F-4BEA-B0FB-1EBEF51DAA96}.Ad-Hoc|x64.Build.0 = Release|x64
		{2D084552-8F7F-4BEA-B0FB-1EBEF51DAA96}.Ad-Hoc|x64.Deploy.0 = Release|x64
		{2D084552-8F7F-4BEA-B0FB-1EBEF51DAA96}.Ad-Hoc|x86.ActiveCfg = Release|x86
		{2D084552-8F7F-4BEA-B0FB-1EBEF51DAA96}.Ad-Hoc|x86.Build.0 = Release|x86
		{2D084552-8F7F-4BEA-B0FB-1EBEF51DAA96}.Ad-Hoc|x86.Deploy.0 = Release|x86
		{2D084552-8F7F-4BEA-B0FB-1EBEF51DAA96}.AppStore|Any CPU.ActiveCfg = Release|Any CPU
		{2D084552-8F7F-4BEA-B0FB-1EBEF51DAA96}.AppStore|Any CPU.Build.0 = Release|Any CPU
		{2D084552-8F7F-4BEA-B0FB-1EBEF51DAA96}.AppStore|Any CPU.Deploy.0 = Release|Any CPU
		{2D084552-8F7F-4BEA-B0FB-1EBEF51DAA96}.AppStore|ARM.ActiveCfg = Release|ARM
		{2D084552-8F7F-4BEA-B0FB-1EBEF51DAA96}.AppStore|ARM.Build.0 = Release|ARM
		{2D084552-8F7F-4BEA-B0FB-1EBEF51DAA96}.AppStore|ARM.Deploy.0 = Release|ARM
		{2D084552-8F7F-4BEA-B0FB-1EBEF51DAA96}.AppStore|iPhone.ActiveCfg = Release|Any CPU
		{2D084552-8F7F-4BEA-B0FB-1EBEF51DAA96}.AppStore|iPhone.Build.0 = Release|Any CPU
		{2D084552-8F7F-4BEA-B0FB-1EBEF51DAA96}.AppStore|iPhone.Deploy.0 = Release|Any CPU
		{2D084552-8F7F-4BEA-B0FB-1EBEF51DAA96}.AppStore|iPhoneSimulator.ActiveCfg = Release|Any CPU
		{2D084552-8F7F-4BEA-B0FB-1EBEF51DAA96}.AppStore|iPhoneSimulator.Build.0 = Release|Any CPU
		{2D084552-8F7F-4BEA-B0FB-1EBEF51DAA96}.AppStore|iPhoneSimulator.Deploy.0 = Release|Any CPU
		{2D084552-8F7F-4BEA-B0FB-1EBEF51DAA96}.AppStore|x64.ActiveCfg = Release|x64
		{2D084552-8F7F-4BEA-B0FB-1EBEF51DAA96}.AppStore|x64.Build.0 = Release|x64
		{2D084552-8F7F-4BEA-B0FB-1EBEF51DAA96}.AppStore|x64.Deploy.0 = Release|x64
		{2D084552-8F7F-4BEA-B0FB-1EBEF51DAA96}.AppStore|x86.ActiveCfg = Release|x86
		{2D084552-8F7F-4BEA-B0FB-1EBEF51DAA96}.AppStore|x86.Build.0 = Release|x86
		{2D084552-8F7F-4BEA-B0FB-1EBEF51DAA96}.AppStore|x86.Deploy.0 = Release|x86
		{2D084552-8F7F-4BEA-B0FB-1EBEF51DAA96}.Debug|Any CPU.ActiveCfg = Debug|Any CPU
		{2D084552-8F7F-4BEA-B0FB-1EBEF51DAA96}.Debug|ARM.ActiveCfg = Debug|ARM
		{2D084552-8F7F-4BEA-B0FB-1EBEF51DAA96}.Debug|ARM.Build.0 = Debug|ARM
		{2D084552-8F7F-4BEA-B0FB-1EBEF51DAA96}.Debug|ARM.Deploy.0 = Debug|ARM
		{2D084552-8F7F-4BEA-B0FB-1EBEF51DAA96}.Debug|iPhone.ActiveCfg = Debug|Any CPU
		{2D084552-8F7F-4BEA-B0FB-1EBEF51DAA96}.Debug|iPhoneSimulator.ActiveCfg = Debug|Any CPU
		{2D084552-8F7F-4BEA-B0FB-1EBEF51DAA96}.Debug|iPhoneSimulator.Build.0 = Debug|Any CPU
		{2D084552-8F7F-4BEA-B0FB-1EBEF51DAA96}.Debug|iPhoneSimulator.Deploy.0 = Debug|Any CPU
		{2D084552-8F7F-4BEA-B0FB-1EBEF51DAA96}.Debug|x64.ActiveCfg = Debug|x64
		{2D084552-8F7F-4BEA-B0FB-1EBEF51DAA96}.Debug|x64.Build.0 = Debug|x64
		{2D084552-8F7F-4BEA-B0FB-1EBEF51DAA96}.Debug|x64.Deploy.0 = Debug|x64
		{2D084552-8F7F-4BEA-B0FB-1EBEF51DAA96}.Debug|x86.ActiveCfg = Debug|x86
		{2D084552-8F7F-4BEA-B0FB-1EBEF51DAA96}.Debug|x86.Build.0 = Debug|x86
		{2D084552-8F7F-4BEA-B0FB-1EBEF51DAA96}.Debug|x86.Deploy.0 = Debug|x86
		{2D084552-8F7F-4BEA-B0FB-1EBEF51DAA96}.Release|Any CPU.ActiveCfg = Release|Any CPU
		{2D084552-8F7F-4BEA-B0FB-1EBEF51DAA96}.Release|Any CPU.Build.0 = Release|Any CPU
		{2D084552-8F7F-4BEA-B0FB-1EBEF51DAA96}.Release|Any CPU.Deploy.0 = Release|Any CPU
		{2D084552-8F7F-4BEA-B0FB-1EBEF51DAA96}.Release|ARM.ActiveCfg = Release|ARM
		{2D084552-8F7F-4BEA-B0FB-1EBEF51DAA96}.Release|ARM.Build.0 = Release|ARM
		{2D084552-8F7F-4BEA-B0FB-1EBEF51DAA96}.Release|ARM.Deploy.0 = Release|ARM
		{2D084552-8F7F-4BEA-B0FB-1EBEF51DAA96}.Release|iPhone.ActiveCfg = Release|Any CPU
		{2D084552-8F7F-4BEA-B0FB-1EBEF51DAA96}.Release|iPhone.Build.0 = Release|Any CPU
		{2D084552-8F7F-4BEA-B0FB-1EBEF51DAA96}.Release|iPhone.Deploy.0 = Release|Any CPU
		{2D084552-8F7F-4BEA-B0FB-1EBEF51DAA96}.Release|iPhoneSimulator.ActiveCfg = Release|Any CPU
		{2D084552-8F7F-4BEA-B0FB-1EBEF51DAA96}.Release|iPhoneSimulator.Build.0 = Release|Any CPU
		{2D084552-8F7F-4BEA-B0FB-1EBEF51DAA96}.Release|iPhoneSimulator.Deploy.0 = Release|Any CPU
		{2D084552-8F7F-4BEA-B0FB-1EBEF51DAA96}.Release|x64.ActiveCfg = Release|x64
		{2D084552-8F7F-4BEA-B0FB-1EBEF51DAA96}.Release|x64.Build.0 = Release|x64
		{2D084552-8F7F-4BEA-B0FB-1EBEF51DAA96}.Release|x64.Deploy.0 = Release|x64
		{2D084552-8F7F-4BEA-B0FB-1EBEF51DAA96}.Release|x86.ActiveCfg = Release|x86
		{2D084552-8F7F-4BEA-B0FB-1EBEF51DAA96}.Release|x86.Build.0 = Release|x86
		{2D084552-8F7F-4BEA-B0FB-1EBEF51DAA96}.Release|x86.Deploy.0 = Release|x86
	EndGlobalSection
	GlobalSection(SolutionProperties) = preSolution
		HideSolutionNode = FALSE
	EndGlobalSection
EndGlobal
